
Microsoft Visual Studio Solution File, Format Version 12.00
# Visual Studio Version 16
VisualStudioVersion = 16.0.29728.190
MinimumVisualStudioVersion = 10.0.40219.1
Project("{FAE04EC0-301F-11D3-BF4B-00C04F79EFBC}") = "EpamLibrary.WEB", "EpamLibrary.WEB\EpamLibrary.WEB.csproj", "{61874397-871D-4DA1-9F7A-75A7D049D7DA}"
EndProject
Project("{FAE04EC0-301F-11D3-BF4B-00C04F79EFBC}") = "EpamLibrary.WEB.Tests", "EpamLibrary.WEB.Tests\EpamLibrary.WEB.Tests.csproj", "{2179611B-F98C-4EB5-AA99-83D440570627}"
EndProject
Project("{FAE04EC0-301F-11D3-BF4B-00C04F79EFBC}") = "EpamLibrary.DAL", "EpamLibrary.DAL\EpamLibrary.DAL.csproj", "{3A9CE51D-C2A0-45F5-BFCF-A572BADF38A6}"
EndProject
Project("{FAE04EC0-301F-11D3-BF4B-00C04F79EFBC}") = "EpamLibrary.BLL", "EpamLibrary.BLL\EpamLibrary.BLL.csproj", "{5C41758A-561C-46F9-ACB3-DBAD3F7F6C83}"
EndProject
Project("{FAE04EC0-301F-11D3-BF4B-00C04F79EFBC}") = "EpamLibrary.Tables", "EpamLibrary.Tables\EpamLibrary.Tables.csproj", "{333A71E9-8582-47F5-AF6C-A0E0900BAF9D}"
EndProject
Global
	GlobalSection(SolutionConfigurationPlatforms) = preSolution
		Debug|Any CPU = Debug|Any CPU
		Release|Any CPU = Release|Any CPU
	EndGlobalSection
	GlobalSection(ProjectConfigurationPlatforms) = postSolution
		{61874397-871D-4DA1-9F7A-75A7D049D7DA}.Debug|Any CPU.ActiveCfg = Debug|Any CPU
		{61874397-871D-4DA1-9F7A-75A7D049D7DA}.Debug|Any CPU.Build.0 = Debug|Any CPU
		{61874397-871D-4DA1-9F7A-75A7D049D7DA}.Release|Any CPU.ActiveCfg = Release|Any CPU
		{61874397-871D-4DA1-9F7A-75A7D049D7DA}.Release|Any CPU.Build.0 = Release|Any CPU
		{2179611B-F98C-4EB5-AA99-83D440570627}.Debug|Any CPU.ActiveCfg = Debug|Any CPU
		{2179611B-F98C-4EB5-AA99-83D440570627}.Debug|Any CPU.Build.0 = Debug|Any CPU
		{2179611B-F98C-4EB5-AA99-83D440570627}.Release|Any CPU.ActiveCfg = Release|Any CPU
		{2179611B-F98C-4EB5-AA99-83D440570627}.Release|Any CPU.Build.0 = Release|Any CPU
		{3A9CE51D-C2A0-45F5-BFCF-A572BADF38A6}.Debug|Any CPU.ActiveCfg = Debug|Any CPU
		{3A9CE51D-C2A0-45F5-BFCF-A572BADF38A6}.Debug|Any CPU.Build.0 = Debug|Any CPU
		{3A9CE51D-C2A0-45F5-BFCF-A572BADF38A6}.Release|Any CPU.ActiveCfg = Release|Any CPU
		{3A9CE51D-C2A0-45F5-BFCF-A572BADF38A6}.Release|Any CPU.Build.0 = Release|Any CPU
		{5C41758A-561C-46F9-ACB3-DBAD3F7F6C83}.Debug|Any CPU.ActiveCfg = Debug|Any CPU
		{5C41758A-561C-46F9-ACB3-DBAD3F7F6C83}.Debug|Any CPU.Build.0 = Debug|Any CPU
		{5C41758A-561C-46F9-ACB3-DBAD3F7F6C83}.Release|Any CPU.ActiveCfg = Release|Any CPU
		{5C41758A-561C-46F9-ACB3-DBAD3F7F6C83}.Release|Any CPU.Build.0 = Release|Any CPU
		{333A71E9-8582-47F5-AF6C-A0E0900BAF9D}.Debug|Any CPU.ActiveCfg = Debug|Any CPU
		{333A71E9-8582-47F5-AF6C-A0E0900BAF9D}.Debug|Any CPU.Build.0 = Debug|Any CPU
		{333A71E9-8582-47F5-AF6C-A0E0900BAF9D}.Release|Any CPU.ActiveCfg = Release|Any CPU
		{333A71E9-8582-47F5-AF6C-A0E0900BAF9D}.Release|Any CPU.Build.0 = Release|Any CPU
	EndGlobalSection
	GlobalSection(SolutionProperties) = preSolution
		HideSolutionNode = FALSE
	EndGlobalSection
	GlobalSection(ExtensibilityGlobals) = postSolution
		SolutionGuid = {C707A9A6-BF7D-4544-92AC-FE25AF9F533C}
	EndGlobalSection
EndGlobal
